PODS:
  - Alamofire (4.9.1)
  - Kingfisher (4.10.1)
  - RxBlocking (6.5.0):
    - RxSwift (= 6.5.0)
  - RxCocoa (6.5.0):
    - RxRelay (= 6.5.0)
    - RxSwift (= 6.5.0)
  - RxRelay (6.5.0):
    - RxSwift (= 6.5.0)
  - RxSwift (6.5.0)
  - RxTest (6.5.0):
    - RxSwift (= 6.5.0)
  - SteviaLayout (5.1.2)

DEPENDENCIES:
  - Alamofire
  - Kingfisher
  - RxBlocking
  - RxCocoa
  - RxSwift
  - RxTest
  - SteviaLayout

SPEC REPOS:
  trunk:
    - Alamofire
    - Kingfisher
    - RxBlocking
    - RxCocoa
    - RxRelay
    - RxSwift
    - RxTest
    - SteviaLayout

SPEC CHECKSUMS:
  Alamofire: 85e8a02c69d6020a0d734f6054870d7ecb75cf18
  Kingfisher: c148cd7b47ebde9989f6bc7c27dcaa79d81279a0
  RxBlocking: 04b5fd28bb5ea49f7d64b80db8bbfe50d9cc1c7d
  RxCocoa: 94f817b71c07517321eb4f9ad299112ca8af743b
  RxRelay: 1de1523e604c72b6c68feadedd1af3b1b4d0ecbd
  RxSwift: 5710a9e6b17f3c3d6e40d6e559b9fa1e813b2ef8
  RxTest: eb2d23adefc5a5ebf5779c7792fa3edfe6ebcc17
  SteviaLayout: 05424e528d643657d39ce72c786e4adf13cfc5f2

PODFILE CHECKSUM: 50d3690769175da5031c38afa23d8b76183e6973

COCOAPODS: 1.11.3
